{
  "version": 4,
  "terraform_version": "0.13.6",
  "serial": 40,
  "lineage": "419ab3f3-b606-064f-ef68-585146303dd3",
  "outputs": {},
  "resources": [
    {
      "module": "module.local_file_zzz-exp",
      "mode": "managed",
      "type": "local_file",
      "name": "local-file-zzz-exp-api-1",
      "provider": "provider[\"registry.terraform.io/hashicorp/local\"]",
      "instances": [
        {
          "schema_version": 0,
          "attributes": {
            "content": "zzz exp local file",
            "content_base64": null,
            "directory_permission": "0777",
            "file_permission": "0777",
            "filename": "./result_files/002.local-file-zzz-exp-api-1.txt",
            "id": "3e0e096f4b90a72136070082e206c38018b6dd14",
            "sensitive_content": null,
            "source": null
          },
          "private": "bnVsbA==",
          "dependencies": [
            "module.local_file_zzz-exp.local_file.local-file-zzz-exp-project"
          ]
        }
      ]
    },
    {
      "module": "module.local_file_zzz-exp",
      "mode": "managed",
      "type": "local_file",
      "name": "local-file-zzz-exp-api-2",
      "provider": "provider[\"registry.terraform.io/hashicorp/local\"]",
      "instances": [
        {
          "schema_version": 0,
          "attributes": {
            "content": "zzz exp local file",
            "content_base64": null,
            "directory_permission": "0777",
            "file_permission": "0777",
            "filename": "./result_files/002.local-file-zzz-exp-api-2.txt",
            "id": "3e0e096f4b90a72136070082e206c38018b6dd14",
            "sensitive_content": null,
            "source": null
          },
          "private": "bnVsbA==",
          "dependencies": [
            "module.local_file_zzz-exp.local_file.local-file-zzz-exp-project"
          ]
        }
      ]
    },
    {
      "module": "module.local_file_zzz-exp",
      "mode": "managed",
      "type": "local_file",
      "name": "local-file-zzz-exp-project",
      "provider": "provider[\"registry.terraform.io/hashicorp/local\"]",
      "instances": [
        {
          "schema_version": 0,
          "attributes": {
            "content": "zzz exp local file",
            "content_base64": null,
            "directory_permission": "0777",
            "file_permission": "0777",
            "filename": "./result_files/001.local-file-zzz-exp-project.txt",
            "id": "3e0e096f4b90a72136070082e206c38018b6dd14",
            "sensitive_content": null,
            "source": null
          },
          "private": "bnVsbA=="
        }
      ]
    },
    {
      "module": "module.local_file_zzz-exp",
      "mode": "managed",
      "type": "local_file",
      "name": "local-file-zzz-exp-vpc",
      "provider": "provider[\"registry.terraform.io/hashicorp/local\"]",
      "instances": [
        {
          "schema_version": 0,
          "attributes": {
            "content": "zzz exp local file",
            "content_base64": null,
            "directory_permission": "0777",
            "file_permission": "0777",
            "filename": "./result_files/004.local-file-zzz-exp-vpc.txt",
            "id": "3e0e096f4b90a72136070082e206c38018b6dd14",
            "sensitive_content": null,
            "source": null
          },
          "private": "bnVsbA==",
          "dependencies": [
            "module.local_file_zzz-exp.local_file.local-file-zzz-exp-project"
          ]
        }
      ]
    },
    {
      "module": "module.local_file_zzz-exp.module.local-file-zzz-exp-api-3",
      "mode": "managed",
      "type": "local_file",
      "name": "local-file-api",
      "provider": "provider[\"registry.terraform.io/hashicorp/local\"]",
      "instances": [
        {
          "schema_version": 0,
          "attributes": {
            "content": "module local file api",
            "content_base64": null,
            "directory_permission": "0777",
            "file_permission": "0777",
            "filename": "./result_files/002-module.local-file--api.txt",
            "id": "8ea4dfec8a8eb2d45e4cc74783854b100baa5c2b",
            "sensitive_content": null,
            "source": null
          },
          "private": "bnVsbA=="
        }
      ]
    },
    {
      "module": "module.local_file_zzz-infra",
      "mode": "managed",
      "type": "local_file",
      "name": "local-file-zzz-infra-api",
      "provider": "provider[\"registry.terraform.io/hashicorp/local\"]",
      "instances": [
        {
          "schema_version": 0,
          "attributes": {
            "content": "zzz infra local file",
            "content_base64": null,
            "directory_permission": "0777",
            "file_permission": "0777",
            "filename": "./result_files/002.local-file-zzz-infra-api.txt",
            "id": "0f8772054b00a1ab231f3080284fcbd07e717970",
            "sensitive_content": null,
            "source": null
          },
          "private": "bnVsbA==",
          "dependencies": [
            "module.local_file_zzz-infra.local_file.local-file-zzz-infra-project"
          ]
        }
      ]
    },
    {
      "module": "module.local_file_zzz-infra",
      "mode": "managed",
      "type": "local_file",
      "name": "local-file-zzz-infra-project",
      "provider": "provider[\"registry.terraform.io/hashicorp/local\"]",
      "instances": [
        {
          "schema_version": 0,
          "attributes": {
            "content": "zzz infra local file",
            "content_base64": null,
            "directory_permission": "0777",
            "file_permission": "0777",
            "filename": "./result_files/001.local-file-zzz-infra-project.txt",
            "id": "0f8772054b00a1ab231f3080284fcbd07e717970",
            "sensitive_content": null,
            "source": null
          },
          "private": "bnVsbA=="
        }
      ]
    },
    {
      "module": "module.local_file_zzz-infra",
      "mode": "managed",
      "type": "local_file",
      "name": "local-file-zzz-infra-vpc",
      "provider": "provider[\"registry.terraform.io/hashicorp/local\"]",
      "instances": [
        {
          "schema_version": 0,
          "attributes": {
            "content": "zzz infra local file",
            "content_base64": null,
            "directory_permission": "0777",
            "file_permission": "0777",
            "filename": "./result_files/003.local-file-zzz-infra-vpc.txt",
            "id": "0f8772054b00a1ab231f3080284fcbd07e717970",
            "sensitive_content": null,
            "source": null
          },
          "private": "bnVsbA==",
          "dependencies": [
            "module.local_file_zzz-infra.local_file.local-file-zzz-infra-project"
          ]
        }
      ]
    },
    {
      "module": "module.local_file_zzz-ov",
      "mode": "managed",
      "type": "local_file",
      "name": "local-file-zzz-ov-api",
      "provider": "provider[\"registry.terraform.io/hashicorp/local\"]",
      "instances": [
        {
          "schema_version": 0,
          "attributes": {
            "content": "zzz ov local file",
            "content_base64": null,
            "directory_permission": "0777",
            "file_permission": "0777",
            "filename": "./result_files/002.local-file-zzz-ov-api.txt",
            "id": "170995fec5c18e72e144539ba42a80ae6d07837c",
            "sensitive_content": null,
            "source": null
          },
          "private": "bnVsbA==",
          "dependencies": [
            "module.local_file_zzz-ov.local_file.local-file-zzz-ov-project"
          ]
        }
      ]
    },
    {
      "module": "module.local_file_zzz-ov",
      "mode": "managed",
      "type": "local_file",
      "name": "local-file-zzz-ov-project",
      "provider": "provider[\"registry.terraform.io/hashicorp/local\"]",
      "instances": [
        {
          "schema_version": 0,
          "attributes": {
            "content": "zzz ov local file",
            "content_base64": null,
            "directory_permission": "0777",
            "file_permission": "0777",
            "filename": "./result_files/001.local-file-zzz-ov-project.txt",
            "id": "170995fec5c18e72e144539ba42a80ae6d07837c",
            "sensitive_content": null,
            "source": null
          },
          "private": "bnVsbA=="
        }
      ]
    },
    {
      "module": "module.local_file_zzz-ov",
      "mode": "managed",
      "type": "local_file",
      "name": "local-file-zzz-ov-vpc",
      "provider": "provider[\"registry.terraform.io/hashicorp/local\"]",
      "instances": [
        {
          "schema_version": 0,
          "attributes": {
            "content": "zzz ov local file",
            "content_base64": null,
            "directory_permission": "0777",
            "file_permission": "0777",
            "filename": "./result_files/004.local-file-zzz-ov-vpc.txt",
            "id": "170995fec5c18e72e144539ba42a80ae6d07837c",
            "sensitive_content": null,
            "source": null
          },
          "private": "bnVsbA==",
          "dependencies": [
            "module.local_file_zzz-ov.local_file.local-file-zzz-ov-project"
          ]
        }
      ]
    }
  ]
}
